{
  "name": "my-claude-pdf-inspector",
  "version": "1.0.0",
  "lockfileVersion": 3,
  "requires": true,
  "packages": {
    "": {
      "name": "my-claude-pdf-inspector",
      "version": "1.0.0",
      "dependencies": {
        "@firecrawl/pdf-inspector": "^1.14.1"
      },
      "devDependencies": {
        "playwright": "^1.56.1"
      }
    },
    "node_modules/@firecrawl/pdf-inspector": {
      "version": "1.14.1",
      "resolved": "https://registry.npmjs.org/@firecrawl/pdf-inspector/-/pdf-inspector-1.14.1.tgz",
      "integrity": "sha512-PgfJBn1MHzgWusC6MN92iVEuBysUPPLrdlhn116L8zUAe0CKvWzmz1VZ7fLOpzMLmUREI/qUwjHiz9pFM40qrQ==",
      "license": "MIT",
      "bin": {
        "pdf-inspector": "bin/pdf-inspector.mjs"
      },
      "optionalDependencies": {
        "@firecrawl/pdf-inspector-darwin-arm64": "1.14.1",
        "@firecrawl/pdf-inspector-linux-arm64-gnu": "1.14.1",
        "@firecrawl/pdf-inspector-linux-arm64-musl": "1.14.1",
        "@firecrawl/pdf-inspector-linux-x64-gnu": "1.14.1",
        "@firecrawl/pdf-inspector-linux-x64-musl": "1.14.1",
        "@firecrawl/pdf-inspector-win32-x64-msvc": "1.14.1"
      }
    },
    "node_modules/@firecrawl/pdf-inspector-darwin-arm64": {
      "version": "1.14.1",
      "resolved": "https://registry.npmjs.org/@firecrawl/pdf-inspector-darwin-arm64/-/pdf-inspector-darwin-arm64-1.14.1.tgz",
      "integrity": "sha512-WnZdZmq6hheOHi54pZ9IWibfGx/7lJJXEqSKCRHQM54istNAB4Nkd8OWVc0W7lNqh49chVXNOKaXcmTiIE4Upw==",
      "cpu": [
        "arm64"
      ],
      "license": "MIT",
      "optional": true,
      "os": [
        "darwin"
      ],
      "engines": {
        "node": ">= 10"
      }
    },
    "node_modules/@firecrawl/pdf-inspector-linux-arm64-gnu": {
      "version": "1.14.1",
      "resolved": "https://registry.npmjs.org/@firecrawl/pdf-inspector-linux-arm64-gnu/-/pdf-inspector-linux-arm64-gnu-1.14.1.tgz",
      "integrity": "sha512-MDN83Winj4yvhvmCbw2luanJzxB7SYI9JNf6aLswnNhljmp+2DuEOHjwzyem3NCEn5gQlTxTve3Sqr2JZTUExw==",
      "cpu": [
        "arm64"
      ],
      "license": "MIT",
      "optional": true,
      "os": [
        "linux"
      ],
      "engines": {
        "node": ">= 10"
      }
    },
    "node_modules/@firecrawl/pdf-inspector-linux-arm64-musl": {
      "version": "1.14.1",
      "resolved": "https://registry.npmjs.org/@firecrawl/pdf-inspector-linux-arm64-musl/-/pdf-inspector-linux-arm64-musl-1.14.1.tgz",
      "integrity": "sha512-LktEKeAL1aSgzjqi3odJBV8LjizwqqR7suy0olbsQZdi9Bu2OPtzcK/Zq6FZF5Ata4AJLx7diE2KoslRfwJYKg==",
      "cpu": [
        "arm64"
      ],
      "license": "MIT",
      "optional": true,
      "os": [
        "linux"
      ],
      "engines": {
        "node": ">= 10"
      }
    },
    "node_modules/@firecrawl/pdf-inspector-linux-x64-gnu": {
      "version": "1.14.1",
      "resolved": "https://registry.npmjs.org/@firecrawl/pdf-inspector-linux-x64-gnu/-/pdf-inspector-linux-x64-gnu-1.14.1.tgz",
      "integrity": "sha512-73du5A+sFxNKfboUFMx88da2y4AKTky7hPbTrmOg04/K2rRS9Mgto4EO40PE2/f+zL70xxGlcP87CH1nqhfNJQ==",
      "cpu": [
        "x64"
      ],
      "license": "MIT",
      "optional": true,
      "os": [
        "linux"
      ],
      "engines": {
        "node": ">= 10"
      }
    },
    "node_modules/@firecrawl/pdf-inspector-linux-x64-musl": {
      "version": "1.14.1",
      "resolved": "https://registry.npmjs.org/@firecrawl/pdf-inspector-linux-x64-musl/-/pdf-inspector-linux-x64-musl-1.14.1.tgz",
      "integrity": "sha512-Gguiv6MW3ykj9TB8jXhir8taJP1HkKtCK7N0rienL+TVZFB+ZI67pwu2BKYtTQOWuf8oKBhdFJlGXPiI1Ta5ug==",
      "cpu": [
        "x64"
      ],
      "license": "MIT",
      "optional": true,
      "os": [
        "linux"
      ],
      "engines": {
        "node": ">= 10"
      }
    },
    "node_modules/@firecrawl/pdf-inspector-win32-x64-msvc": {
      "version": "1.14.1",
      "resolved": "https://registry.npmjs.org/@firecrawl/pdf-inspector-win32-x64-msvc/-/pdf-inspector-win32-x64-msvc-1.14.1.tgz",
      "integrity": "sha512-1lR4+FOKQLmkTOfjiCnWG2x3SJcl53R3WeYfm7eZ35BR+pVxbkaACs/SWd/9mWoyEvvyct+02/I0S1+fT/3zQA==",
      "cpu": [
        "x64"
      ],
      "license": "MIT",
      "optional": true,
      "os": [
        "win32"
      ],
      "engines": {
        "node": ">= 10"
      }
    },
    "node_modules/fsevents": {
      "version": "2.3.2",
      "resolved": "https://registry.npmjs.org/fsevents/-/fsevents-2.3.2.tgz",
      "integrity": "sha512-xiqMQR4xAeHTuB9uWm+fFRcIOgKBMiOBP+eXiyT7jsgVCq1bkVygt00oASowB7EdtpOHaaPgKt812P9ab+DDKA==",
      "dev": true,
      "hasInstallScript": true,
      "license": "MIT",
      "optional": true,
      "os": [
        "darwin"
      ],
      "engines": {
        "node": "^8.16.0 || ^10.6.0 || >=11.0.0"
      }
    },
    "node_modules/playwright": {
      "version": "1.56.1",
      "resolved": "https://registry.npmjs.org/playwright/-/playwright-1.56.1.tgz",
      "integrity": "sha512-aFi5B0WovBHTEvpM3DzXTUaeN6eN0qWnTkKx4NQaH4Wvcmc153PdaY2UBdSYKaGYw+UyWXSVyxDUg5DoPEttjw==",
      "dev": true,
      "license": "Apache-2.0",
      "dependencies": {
        "playwright-core": "1.56.1"
      },
      "bin": {
        "playwright": "cli.js"
      },
      "engines": {
        "node": ">=18"
      },
      "optionalDependencies": {
        "fsevents": "2.3.2"
      }
    },
    "node_modules/playwright-core": {
      "version": "1.56.1",
      "resolved": "https://registry.npmjs.org/playwright-core/-/playwright-core-1.56.1.tgz",
      "integrity": "sha512-hutraynyn31F+Bifme+Ps9Vq59hKuUCz7H1kDOcBs+2oGguKkWTU50bBWrtz34OUWmIwpBTWDxaRPXrIXkgvmQ==",
      "dev": true,
      "license": "Apache-2.0",
      "bin": {
        "playwright-core": "cli.js"
      },
      "engines": {
        "node": ">=18"
      }
    }
  }
}
